// !$*UTF8*$!
{
	archiveVersion = 1;
	classes = {
	};
	objectVersion = 46;
	objects = {

/* Begin PBXBuildFile section */
		07A0CAC119E31C95007DEF6B /* Foundation.framework in Frameworks */ = {isa = PBXBuildFile; fileRef = 07A0CAC019E31C95007DEF6B /* Foundation.framework */; };
		07A0CAC319E31C95007DEF6B /* CoreGraphics.framework in Frameworks */ = {isa = PBXBuildFile; fileRef = 07A0CAC219E31C95007DEF6B /* CoreGraphics.framework */; };
		07A0CAC519E31C95007DEF6B /* UIKit.framework in Frameworks */ = {isa = PBXBuildFile; fileRef = 07A0CAC419E31C95007DEF6B /* UIKit.framework */; };
		07A0CACB19E31C95007DEF6B /* InfoPlist.strings in Resources */ = {isa = PBXBuildFile; fileRef = 07A0CAC919E31C95007DEF6B /* InfoPlist.strings */; };
		07A0CACD19E31C95007DEF6B /* main.m in Sources */ = {isa = PBXBuildFile; fileRef = 07A0CACC19E31C95007DEF6B /* main.m */; };
		07A0CAD119E31C95007DEF6B /* AppDelegate.m in Sources */ = {isa = PBXBuildFile; fileRef = 07A0CAD019E31C95007DEF6B /* AppDelegate.m */; };
		07A0CAD319E31C95007DEF6B /* Images.xcassets in Resources */ = {isa = PBXBuildFile; fileRef = 07A0CAD219E31C95007DEF6B /* Images.xcassets */; };
		07A0CADA19E31C95007DEF6B /* XCTest.framework in Frameworks */ = {isa = PBXBuildFile; fileRef = 07A0CAD919E31C95007DEF6B /* XCTest.framework */; };
		07A0CADB19E31C95007DEF6B /* Foundation.framework in Frameworks */ = {isa = PBXBuildFile; fileRef = 07A0CAC019E31C95007DEF6B /* Foundation.framework */; };
		07A0CADC19E31C95007DEF6B /* UIKit.framework in Frameworks */ = {isa = PBXBuildFile; fileRef = 07A0CAC419E31C95007DEF6B /* UIKit.framework */; };
		07A0CAE419E31C95007DEF6B /* InfoPlist.strings in Resources */ = {isa = PBXBuildFile; fileRef = 07A0CAE219E31C95007DEF6B /* InfoPlist.strings */; };
		07A0CAE619E31C95007DEF6B /* TwitterTests.m in Sources */ = {isa = PBXBuildFile; fileRef = 07A0CAE519E31C95007DEF6B /* TwitterTests.m */; };
/* End PBXBuildFile section */

/* Begin PBXContainerItemProxy section */
		07A0CADD19E31C95007DEF6B /* PBXContainerItemProxy */ = {
			isa = PBXContainerItemProxy;
			containerPortal = 07A0CAB519E31C95007DEF6B /* Project object */;
			proxyType = 1;
			remoteGlobalIDString = 07A0CABC19E31C95007DEF6B;
			remoteInfo = Twitter;
		};
/* End PBXContainerItemProxy section */

/* Begin PBXFileReference section */
		07A0CABD19E31C95007DEF6B /* Twitter.app */ = {isa = PBXFileReference; explicitFileType = wrapper.application; includeInIndex = 0; path = Twitter.app; sourceTree = BUILT_PRODUCTS_DIR; };
		07A0CAC019E31C95007DEF6B /* Foundation.framework */ = {isa = PBXFileReference; lastKnownFileType = wrapper.framework; name = Foundation.framework; path = System/Library/Frameworks/Foundation.framework; sourceTree = SDKROOT; };
		07A0CAC219E31C95007DEF6B /* CoreGraphics.framework */ = {isa = PBXFileReference; lastKnownFileType = wrapper.framework; name = CoreGraphics.framework; path = System/Library/Frameworks/CoreGraphics.framework; sourceTree = SDKROOT; };
		07A0CAC419E31C95007DEF6B /* UIKit.framework */ = {isa = PBXFileReference; lastKnownFileType = wrapper.framework; name = UIKit.framework; path = System/Library/Frameworks/UIKit.framework; sourceTree = SDKROOT; };
		07A0CAC819E31C95007DEF6B /* Twitter-Info.plist */ = {isa = PBXFileReference; lastKnownFileType = text.plist.xml; path = "Twitter-Info.plist"; sourceTree = "<group>"; };
		07A0CACA19E31C95007DEF6B /* en */ = {isa = PBXFileReference; lastKnownFileType = text.plist.strings; name = en; path = en.lproj/InfoPlist.strings; sourceTree = "<group>"; };
		07A0CACC19E31C95007DEF6B /* main.m */ = {isa = PBXFileReference; lastKnownFileType = sourcecode.c.objc; path = main.m; sourceTree = "<group>"; };
		07A0CACE19E31C95007DEF6B /* Twitter-Prefix.pch */ = {isa = PBXFileReference; lastKnownFileType = sourcecode.c.h; path = "Twitter-Prefix.pch"; sourceTree = "<group>"; };
		07A0CACF19E31C95007DEF6B /* AppDelegate.h */ = {isa = PBXFileReference; lastKnownFileType = sourcecode.c.h; path = AppDelegate.h; sourceTree = "<group>"; };
		07A0CAD019E31C95007DEF6B /* AppDelegate.m */ = {isa = PBXFileReference; lastKnownFileType = sourcecode.c.objc; path = AppDelegate.m; sourceTree = "<group>"; };
		07A0CAD219E31C95007DEF6B /* Images.xcassets */ = {isa = PBXFileReference; lastKnownFileType = folder.assetcatalog; path = Images.xcassets; sourceTree = "<group>"; };
		07A0CAD819E31C95007DEF6B /* TwitterTests.xctest */ = {isa = PBXFileReference; explicitFileType = wrapper.cfbundle; includeInIndex = 0; path = TwitterTests.xctest; sourceTree = BUILT_PRODUCTS_DIR; };
		07A0CAD919E31C95007DEF6B /* XCTest.framework */ = {isa = PBXFileReference; lastKnownFileType = wrapper.framework; name = XCTest.framework; path = Library/Frameworks/XCTest.framework; sourceTree = DEVELOPER_DIR; };
		07A0CAE119E31C95007DEF6B /* TwitterTests-Info.plist */ = {isa = PBXFileReference; lastKnownFileType = text.plist.xml; path = "TwitterTests-Info.plist"; sourceTree = "<group>"; };
		07A0CAE319E31C95007DEF6B /* en */ = {isa = PBXFileReference; lastKnownFileType = text.plist.strings; name = en; path = en.lproj/InfoPlist.strings; sourceTree = "<group>"; };
		07A0CAE519E31C95007DEF6B /* TwitterTests.m */ = {isa = PBXFileReference; lastKnownFileType = sourcecode.c.objc; path = TwitterTests.m; sourceTree = "<group>"; };
/* End PBXFileReference section */

/* Begin PBXFrameworksBuildPhase section */
		07A0CABA19E31C95007DEF6B /* Frameworks */ = {
			isa = PBXFrameworksBuildPhase;
			buildActionMask = 2147483647;
			files = (
				07A0CAC319E31C95007DEF6B /* CoreGraphics.framework in Frameworks */,
				07A0CAC519E31C95007DEF6B /* UIKit.framework in Frameworks */,
				07A0CAC119E31C95007DEF6B /* Foundation.framework in Frameworks */,
			);
			runOnlyForDeploymentPostprocessing = 0;
		};
		07A0CAD519E31C95007DEF6B /* Frameworks */ = {
			isa = PBXFrameworksBuildPhase;
			buildActionMask = 2147483647;
			files = (
				07A0CADA19E31C95007DEF6B /* XCTest.framework in Frameworks */,
				07A0CADC19E31C95007DEF6B /* UIKit.framework in Frameworks */,
				07A0CADB19E31C95007DEF6B /* Foundation.framework in Frameworks */,
			);
			runOnlyForDeploymentPostprocessing = 0;
		};
/* End PBXFrameworksBuildPhase section */

/* Begin PBXGroup section */
		07A0CAB419E31C95007DEF6B = {
			isa = PBXGroup;
			children = (
				07A0CAC619E31C95007DEF6B /* Twitter */,
				07A0CADF19E31C95007DEF6B /* TwitterTests */,
				07A0CABF19E31C95007DEF6B /* Frameworks */,
				07A0CABE19E31C95007DEF6B /* Products */,
			);
			sourceTree = "<group>";
		};
		07A0CABE19E31C95007DEF6B /* Products */ = {
			isa = PBXGroup;
			children = (
				07A0CABD19E31C95007DEF6B /* Twitter.app */,
				07A0CAD819E31C95007DEF6B /* TwitterTests.xctest */,
			);
			name = Products;
			sourceTree = "<group>";
		};
		07A0CABF19E31C95007DEF6B /* Frameworks */ = {
			isa = PBXGroup;
			children = (
				07A0CAC019E31C95007DEF6B /* Foundation.framework */,
				07A0CAC219E31C95007DEF6B /* CoreGraphics.framework */,
				07A0CAC419E31C95007DEF6B /* UIKit.framework */,
				07A0CAD919E31C95007DEF6B /* XCTest.framework */,
			);
			name = Frameworks;
			sourceTree = "<group>";
		};
		07A0CAC619E31C95007DEF6B /* Twitter */ = {
			isa = PBXGroup;
			children = (
				07A0CACF19E31C95007DEF6B /* AppDelegate.h */,
				07A0CAD019E31C95007DEF6B /* AppDelegate.m */,
				07A0CAD219E31C95007DEF6B /* Images.xcassets */,
				07A0CAC719E31C95007DEF6B /* Supporting Files */,
			);
			path = Twitter;
			sourceTree = "<group>";
		};
		07A0CAC719E31C95007DEF6B /* Supporting Files */ = {
			isa = PBXGroup;
			children = (
				07A0CAC819E31C95007DEF6B /* Twitter-Info.plist */,
				07A0CAC919E31C95007DEF6B /* InfoPlist.strings */,
				07A0CACC19E31C95007DEF6B /* main.m */,
				07A0CACE19E31C95007DEF6B /* Twitter-Prefix.pch */,
			);
			name = "Supporting Files";
			sourceTree = "<group>";
		};
		07A0CADF19E31C95007DEF6B /* TwitterTests */ = {
			isa = PBXGroup;
			children = (
				07A0CAE519E31C95007DEF6B /* TwitterTests.m */,
				07A0CAE019E31C95007DEF6B /* Supporting Files */,
			);
			path = TwitterTests;
			sourceTree = "<group>";
		};
		07A0CAE019E31C95007DEF6B /* Supporting Files */ = {
			isa = PBXGroup;
			children = (
				07A0CAE119E31C95007DEF6B /* TwitterTests-Info.plist */,
				07A0CAE219E31C95007DEF6B /* InfoPlist.strings */,
			);
			name = "Supporting Files";
			sourceTree = "<group>";
		};
/* End PBXGroup section */

/* Begin PBXNativeTarget section */
		07A0CABC19E31C95007DEF6B /* Twitter */ = {
			isa = PBXNativeTarget;
			buildConfigurationList = 07A0CAE919E31C95007DEF6B /* Build configuration list for PBXNativeTarget "Twitter" */;
			buildPhases = (
				07A0CAB919E31C95007DEF6B /* Sources */,
				07A0CABA19E31C95007DEF6B /* Frameworks */,
				07A0CABB19E31C95007DEF6B /* Resources */,
			);
			buildRules = (
			);
			dependencies = (
			);
			name = Twitter;
			productName = Twitter;
			productReference = 07A0CABD19E31C95007DEF6B /* Twitter.app */;
			productType = "com.apple.product-type.application";
		};
		07A0CAD719E31C95007DEF6B /* TwitterTests */ = {
			isa = PBXNativeTarget;
			buildConfigurationList = 07A0CAEC19E31C95007DEF6B /* Build configuration list for PBXNativeTarget "TwitterTests" */;
			buildPhases = (
				07A0CAD419E31C95007DEF6B /* Sources */,
				07A0CAD519E31C95007DEF6B /* Frameworks */,
				07A0CAD619E31C95007DEF6B /* Resources */,
			);
			buildRules = (
			);
			dependencies = (
				07A0CADE19E31C95007DEF6B /* PBXTargetDependency */,
			);
			name = TwitterTests;
			productName = TwitterTests;
			productReference = 07A0CAD819E31C95007DEF6B /* TwitterTests.xctest */;
			productType = "com.apple.product-type.bundle.unit-test";
		};
/* End PBXNativeTarget section */

/* Begin PBXProject section */
		07A0CAB519E31C95007DEF6B /* Project object */ = {
			isa = PBXProject;
			attributes = {
				LastUpgradeCheck = 0500;
				ORGANIZATIONNAME = codepath;
				TargetAttributes = {
					07A0CAD719E31C95007DEF6B = {
						TestTargetID = 07A0CABC19E31C95007DEF6B;
					};
				};
			};
			buildConfigurationList = 07A0CAB819E31C95007DEF6B /* Build configuration list for PBXProject "Twitter" */;
			compatibilityVersion = "Xcode 3.2";
			developmentRegion = English;
			hasScannedForEncodings = 0;
			knownRegions = (
				en,
			);
			mainGroup = 07A0CAB419E31C95007DEF6B;
			productRefGroup = 07A0CABE19E31C95007DEF6B /* Products */;
			projectDirPath = "";
			projectRoot = "";
			targets = (
				07A0CABC19E31C95007DEF6B /* Twitter */,
				07A0CAD719E31C95007DEF6B /* TwitterTests */,
			);
		};
/* End PBXProject section */

/* Begin PBXResourcesBuildPhase section */
		07A0CABB19E31C95007DEF6B /* Resources */ = {
			isa = PBXResourcesBuildPhase;
			buildActionMask = 2147483647;
			files = (
				07A0CACB19E31C95007DEF6B /* InfoPlist.strings in Resources */,
				07A0CAD319E31C95007DEF6B /* Images.xcassets in Resources */,
			);
			runOnlyForDeploymentPostprocessing = 0;
		};
		07A0CAD619E31C95007DEF6B /* Resources */ = {
			isa = PBXResourcesBuildPhase;
			buildActionMask = 2147483647;
			files = (
				07A0CAE419E31C95007DEF6B /* InfoPlist.strings in Resources */,
			);
			runOnlyForDeploymentPostprocessing = 0;
		};
/* End PBXResourcesBuildPhase section */

/* Begin PBXSourcesBuildPhase section */
		07A0CAB919E31C95007DEF6B /* Sources */ = {
			isa = PBXSourcesBuildPhase;
			buildActionMask = 2147483647;
			files = (
				07A0CAD119E31C95007DEF6B /* AppDelegate.m in Sources */,
				07A0CACD19E31C95007DEF6B /* main.m in Sources */,
			);
			runOnlyForDeploymentPostprocessing = 0;
		};
		07A0CAD419E31C95007DEF6B /* Sources */ = {
			isa = PBXSourcesBuildPhase;
			buildActionMask = 2147483647;
			files = (
				07A0CAE619E31C95007DEF6B /* TwitterTests.m in Sources */,
			);
			runOnlyForDeploymentPostprocessing = 0;
		};
/* End PBXSourcesBuildPhase section */

/* Begin PBXTargetDependency section */
		07A0CADE19E31C95007DEF6B /* PBXTargetDependency */ = {
			isa = PBXTargetDependency;
			target = 07A0CABC19E31C95007DEF6B /* Twitter */;
			targetProxy = 07A0CADD19E31C95007DEF6B /* PBXContainerItemProxy */;
		};
/* End PBXTargetDependency section */

/* Begin PBXVariantGroup section */
		07A0CAC919E31C95007DEF6B /* InfoPlist.strings */ = {
			isa = PBXVariantGroup;
			children = (
				07A0CACA19E31C95007DEF6B /* en */,
			);
			name = InfoPlist.strings;
			sourceTree = "<group>";
		};
		07A0CAE219E31C95007DEF6B /* InfoPlist.strings */ = {
			isa = PBXVariantGroup;
			children = (
				07A0CAE319E31C95007DEF6B /* en */,
			);
			name = InfoPlist.strings;
			sourceTree = "<group>";
		};
/* End PBXVariantGroup section */

/* Begin XCBuildConfiguration section */
		07A0CAE719E31C95007DEF6B /* Debug */ = {
			isa = XCBuildConfiguration;
			buildSettings = {
				ALWAYS_SEARCH_USER_PATHS = NO;
				ARCHS = "$(ARCHS_STANDARD_INCLUDING_64_BIT)";
				CLANG_CXX_LANGUAGE_STANDARD = "gnu++0x";
				CLANG_CXX_LIBRARY = "libc++";
				CLANG_ENABLE_MODULES = YES;
				CLANG_ENABLE_OBJC_ARC = YES;
				CLANG_WARN_BOOL_CONVERSION = YES;
				CLANG_WARN_CONSTANT_CONVERSION = YES;
				CLANG_WARN_DIRECT_OBJC_ISA_USAGE = YES_ERROR;
				CLANG_WARN_EMPTY_BODY = YES;
				CLANG_WARN_ENUM_CONVERSION = YES;
				CLANG_WARN_INT_CONVERSION = YES;
				CLANG_WARN_OBJC_ROOT_CLASS = YES_ERROR;
				CLANG_WARN__DUPLICATE_METHOD_MATCH = YES;
				"CODE_SIGN_IDENTITY[sdk=iphoneos*]" = "iPhone Developer";
				COPY_PHASE_STRIP = NO;
				GCC_C_LANGUAGE_STANDARD = gnu99;
				GCC_DYNAMIC_NO_PIC = NO;
				GCC_OPTIMIZATION_LEVEL = 0;
				GCC_PREPROCESSOR_DEFINITIONS = (
					"DEBUG=1",
					"$(inherited)",
				);
				GCC_SYMBOLS_PRIVATE_EXTERN = NO;
				GCC_WARN_64_TO_32_BIT_CONVERSION = YES;
				GCC_WARN_ABOUT_RETURN_TYPE = YES_ERROR;
				GCC_WARN_UNDECLARED_SELECTOR = YES;
				GCC_WARN_UNINITIALIZED_AUTOS = YES;
				GCC_WARN_UNUSED_FUNCTION = YES;
				GCC_WARN_UNUSED_VARIABLE = YES;
				IPHONEOS_DEPLOYMENT_TARGET = 7.0;
				ONLY_ACTIVE_ARCH = YES;
				SDKROOT = iphoneos;
			};
			name = Debug;
		};
		07A0CAE819E31C95007DEF6B /* Release */ = {
			isa = XCBuildConfiguration;
			buildSettings = {
				ALWAYS_SEARCH_USER_PATHS = NO;
				ARCHS = "$(ARCHS_STANDARD_INCLUDING_64_BIT)";
				CLANG_CXX_LANGUAGE_STANDARD = "gnu++0x";
				CLANG_CXX_LIBRARY = "libc++";
				CLANG_ENABLE_MODULES = YES;
				CLANG_ENABLE_OBJC_ARC = YES;
				CLANG_WARN_BOOL_CONVERSION = YES;
				CLANG_WARN_CONSTANT_CONVERSION = YES;
				CLANG_WARN_DIRECT_OBJC_ISA_USAGE = YES_ERROR;
				CLANG_WARN_EMPTY_BODY = YES;
				CLANG_WARN_ENUM_CONVERSION = YES;
				CLANG_WARN_INT_CONVERSION = YES;
				CLANG_WARN_OBJC_ROOT_CLASS = YES_ERROR;
				CLANG_WARN__DUPLICATE_METHOD_MATCH = YES;
				"CODE_SIGN_IDENTITY[sdk=iphoneos*]" = "iPhone Developer";
				COPY_PHASE_STRIP = YES;
				ENABLE_NS_ASSERTIONS = NO;
				GCC_C_LANGUAGE_STANDARD = gnu99;
				GCC_WARN_64_TO_32_BIT_CONVERSION = YES;
				GCC_WARN_ABOUT_RETURN_TYPE = YES_ERROR;
				GCC_WARN_UNDECLARED_SELECTOR = YES;
				GCC_WARN_UNINITIALIZED_AUTOS = YES;
				GCC_WARN_UNUSED_FUNCTION = YES;
				GCC_WARN_UNUSED_VARIABLE = YES;
				IPHONEOS_DEPLOYMENT_TARGET = 7.0;
				SDKROOT = iphoneos;
				VALIDATE_PRODUCT = YES;
			};
			name = Release;
		};
		07A0CAEA19E31C95007DEF6B /* Debug */ = {
			isa = XCBuildConfiguration;
			buildSettings = {
				ASSETCATALOG_COMPILER_APPICON_NAME = AppIcon;
				ASSETCATALOG_COMPILER_LAUNCHIMAGE_NAME = LaunchImage;
				GCC_PRECOMPILE_PREFIX_HEADER = YES;
				GCC_PREFIX_HEADER = "Twitter/Twitter-Prefix.pch";
				INFOPLIST_FILE = "Twitter/Twitter-Info.plist";
				PRODUCT_NAME = "$(TARGET_NAME)";
				WRAPPER_EXTENSION = app;
			};
			name = Debug;
		};
		07A0CAEB19E31C95007DEF6B /* Release */ = {
			isa = XCBuildConfiguration;
			buildSettings = {
				ASSETCATALOG_COMPILER_APPICON_NAME = AppIcon;
				ASSETCATALOG_COMPILER_LAUNCHIMAGE_NAME = LaunchImage;
				GCC_PRECOMPILE_PREFIX_HEADER = YES;
				GCC_PREFIX_HEADER = "Twitter/Twitter-Prefix.pch";
				INFOPLIST_FILE = "Twitter/Twitter-Info.plist";
				PRODUCT_NAME = "$(TARGET_NAME)";
				WRAPPER_EXTENSION = app;
			};
			name = Release;
		};
		07A0CAED19E31C95007DEF6B /* Debug */ = {
			isa = XCBuildConfiguration;
			buildSettings = {
				ARCHS = "$(ARCHS_STANDARD_INCLUDING_64_BIT)";
				BUNDLE_LOADER = "$(BUILT_PRODUCTS_DIR)/Twitter.app/Twitter";
				FRAMEWORK_SEARCH_PATHS = (
					"$(SDKROOT)/Developer/Library/Frameworks",
					"$(inherited)",
					"$(DEVELOPER_FRAMEWORKS_DIR)",
				);
				GCC_PRECOMPILE_PREFIX_HEADER = YES;
				GCC_PREFIX_HEADER = "Twitter/Twitter-Prefix.pch";
				GCC_PREPROCESSOR_DEFINITIONS = (
					"DEBUG=1",
					"$(inherited)",
				);
				INFOPLIST_FILE = "TwitterTests/TwitterTests-Info.plist";
				PRODUCT_NAME = "$(TARGET_NAME)";
				TEST_HOST = "$(BUNDLE_LOADER)";
				WRAPPER_EXTENSION = xctest;
			};
			name = Debug;
		};
		07A0CAEE19E31C95007DEF6B /* Release */ = {
			isa = XCBuildConfiguration;
			buildSettings = {
				ARCHS = "$(ARCHS_STANDARD_INCLUDING_64_BIT)";
				BUNDLE_LOADER = "$(BUILT_PRODUCTS_DIR)/Twitter.app/Twitter";
				FRAMEWORK_SEARCH_PATHS = (
					"$(SDKROOT)/Developer/Library/Frameworks",
					"$(inherited)",
					"$(DEVELOPER_FRAMEWORKS_DIR)",
				);
				GCC_PRECOMPILE_PREFIX_HEADER = YES;
				GCC_PREFIX_HEADER = "Twitter/Twitter-Prefix.pch";
				INFOPLIST_FILE = "TwitterTests/TwitterTests-Info.plist";
				PRODUCT_NAME = "$(TARGET_NAME)";
				TEST_HOST = "$(BUNDLE_LOADER)";
				WRAPPER_EXTENSION = xctest;
			};
			name = Release;
		};
/* End XCBuildConfiguration section */

/* Begin XCConfigurationList section */
		07A0CAB819E31C95007DEF6B /* Build configuration list for PBXProject "Twitter" */ = {
			isa = XCConfigurationList;
			buildConfigurations = (
				07A0CAE719E31C95007DEF6B /* Debug */,
				07A0CAE819E31C95007DEF6B /* Release */,
			);
			defaultConfigurationIsVisible = 0;
			defaultConfigurationName = Release;
		};
		07A0CAE919E31C95007DEF6B /* Build configuration list for PBXNativeTarget "Twitter" */ = {
			isa = XCConfigurationList;
			buildConfigurations = (
				07A0CAEA19E31C95007DEF6B /* Debug */,
				07A0CAEB19E31C95007DEF6B /* Release */,
			);
			defaultConfigurationIsVisible = 0;
		};
		07A0CAEC19E31C95007DEF6B /* Build configuration list for PBXNativeTarget "TwitterTests" */ = {
			isa = XCConfigurationList;
			buildConfigurations = (
				07A0CAED19E31C95007DEF6B /* Debug */,
				07A0CAEE19E31C95007DEF6B /* Release */,
			);
			defaultConfigurationIsVisible = 0;
		};
/* End XCConfigurationList section */
	};
	rootObject = 07A0CAB519E31C95007DEF6B /* Project object */;
}
